
Microsoft Visual Studio Solution File, Format Version 12.00
# Visual Studio 15
VisualStudioVersion = 15.0.27130.2027
MinimumVisualStudioVersion = 10.0.40219.1
Project("{FAE04EC0-301F-11D3-BF4B-00C04F79EFBC}") = "ProjectBuilder", "ProjectBuilder\ProjectBuilder.csproj", "{7271682E-20A6-4741-A3F4-48CA0E58F48A}"
EndProject
Project("{F2A71F9B-5D33-465A-A702-920D77279786}") = "BuilderLib", "BuilderLib\BuilderLib.fsproj", "{10221A9D-072A-4D18-BC9E-3D4DCC1F1B59}"
EndProject
Global
	GlobalSection(SolutionConfigurationPlatforms) = preSolution
		Debug|Any CPU = Debug|Any CPU
		Release|Any CPU = Release|Any CPU
	EndGlobalSection
	GlobalSection(ProjectConfigurationPlatforms) = postSolution
		{7271682E-20A6-4741-A3F4-48CA0E58F48A}.Debug|Any CPU.ActiveCfg = Debug|Any CPU
		{7271682E-20A6-4741-A3F4-48CA0E58F48A}.Debug|Any CPU.Build.0 = Debug|Any CPU
		{7271682E-20A6-4741-A3F4-48CA0E58F48A}.Release|Any CPU.ActiveCfg = Release|Any CPU
		{7271682E-20A6-4741-A3F4-48CA0E58F48A}.Release|Any CPU.Build.0 = Release|Any CPU
		{10221A9D-072A-4D18-BC9E-3D4DCC1F1B59}.Debug|Any CPU.ActiveCfg = Debug|Any CPU
		{10221A9D-072A-4D18-BC9E-3D4DCC1F1B59}.Debug|Any CPU.Build.0 = Debug|Any CPU
		{10221A9D-072A-4D18-BC9E-3D4DCC1F1B59}.Release|Any CPU.ActiveCfg = Release|Any CPU
		{10221A9D-072A-4D18-BC9E-3D4DCC1F1B59}.Release|Any CPU.Build.0 = Release|Any CPU
	EndGlobalSection
	GlobalSection(SolutionProperties) = preSolution
		HideSolutionNode = FALSE
	EndGlobalSection
	GlobalSection(ExtensibilityGlobals) = postSolution
		SolutionGuid = {C8F3FC2E-CA9B-4AEE-9231-859CB53EC3D7}
	EndGlobalSection
EndGlobal
