
Microsoft Visual Studio Solution File, Format Version 12.00
# Visual Studio 15
VisualStudioVersion = 15.0.27130.2027
MinimumVisualStudioVersion = 10.0.40219.1
Project("{F2A71F9B-5D33-465A-A702-920D77279786}") = "Deep", "Deep\Deep.fsproj", "{32C6EC0F-AB0B-48FD-8C77-5FF75A3AA538}"
EndProject
Project("{F2A71F9B-5D33-465A-A702-920D77279786}") = "Deep.Imaging", "Deep.Imaging\Deep.Imaging.fsproj", "{A9545675-4438-4166-8074-29D08497822D}"
EndProject
Project("{FAE04EC0-301F-11D3-BF4B-00C04F79EFBC}") = "DotLiquid", "DotLiquid\DotLiquid\DotLiquid.csproj", "{CB9372CD-9C1D-47AB-92D8-702D4D68324F}"
EndProject
Project("{F2A71F9B-5D33-465A-A702-920D77279786}") = "Deep.View.DotLiquid", "Deep.View.DotLiquid\Deep.View.DotLiquid.fsproj", "{6B369962-9B1D-4D36-A64C-0A02826DFAFA}"
EndProject
Project("{F2A71F9B-5D33-465A-A702-920D77279786}") = "{NAME}", "{NAME}\{NAME}.fsproj", "{49FAC79E-519D-4F2D-B3B7-7D8BB336024F}"
EndProject
Project("{F2A71F9B-5D33-465A-A702-920D77279786}") = "{NAME}App", "{NAME}App\{NAME}App.fsproj", "{A686A9BE-11EF-4FF3-B293-6EAB447713E7}"
EndProject
Project("{FAE04EC0-301F-11D3-BF4B-00C04F79EFBC}") = "Model", "Model\Model.csproj", "{F8C668C5-84A0-409B-93C2-EC2AFD3F5A5C}"
EndProject
Global
	GlobalSection(SolutionConfigurationPlatforms) = preSolution
		Debug|Any CPU = Debug|Any CPU
		Release|Any CPU = Release|Any CPU
	EndGlobalSection
	GlobalSection(ProjectConfigurationPlatforms) = postSolution
		{32C6EC0F-AB0B-48FD-8C77-5FF75A3AA538}.Debug|Any CPU.ActiveCfg = Debug|Any CPU
		{32C6EC0F-AB0B-48FD-8C77-5FF75A3AA538}.Debug|Any CPU.Build.0 = Debug|Any CPU
		{32C6EC0F-AB0B-48FD-8C77-5FF75A3AA538}.Release|Any CPU.ActiveCfg = Release|Any CPU
		{32C6EC0F-AB0B-48FD-8C77-5FF75A3AA538}.Release|Any CPU.Build.0 = Release|Any CPU
		{A9545675-4438-4166-8074-29D08497822D}.Debug|Any CPU.ActiveCfg = Debug|Any CPU
		{A9545675-4438-4166-8074-29D08497822D}.Debug|Any CPU.Build.0 = Debug|Any CPU
		{A9545675-4438-4166-8074-29D08497822D}.Release|Any CPU.ActiveCfg = Release|Any CPU
		{A9545675-4438-4166-8074-29D08497822D}.Release|Any CPU.Build.0 = Release|Any CPU
		{CB9372CD-9C1D-47AB-92D8-702D4D68324F}.Debug|Any CPU.ActiveCfg = Debug|Any CPU
		{CB9372CD-9C1D-47AB-92D8-702D4D68324F}.Debug|Any CPU.Build.0 = Debug|Any CPU
		{CB9372CD-9C1D-47AB-92D8-702D4D68324F}.Release|Any CPU.ActiveCfg = Release|Any CPU
		{CB9372CD-9C1D-47AB-92D8-702D4D68324F}.Release|Any CPU.Build.0 = Release|Any CPU
		{6B369962-9B1D-4D36-A64C-0A02826DFAFA}.Debug|Any CPU.ActiveCfg = Debug|Any CPU
		{6B369962-9B1D-4D36-A64C-0A02826DFAFA}.Debug|Any CPU.Build.0 = Debug|Any CPU
		{6B369962-9B1D-4D36-A64C-0A02826DFAFA}.Release|Any CPU.ActiveCfg = Release|Any CPU
		{6B369962-9B1D-4D36-A64C-0A02826DFAFA}.Release|Any CPU.Build.0 = Release|Any CPU
		{49FAC79E-519D-4F2D-B3B7-7D8BB336024F}.Debug|Any CPU.ActiveCfg = Debug|Any CPU
		{49FAC79E-519D-4F2D-B3B7-7D8BB336024F}.Debug|Any CPU.Build.0 = Debug|Any CPU
		{49FAC79E-519D-4F2D-B3B7-7D8BB336024F}.Release|Any CPU.ActiveCfg = Release|Any CPU
		{49FAC79E-519D-4F2D-B3B7-7D8BB336024F}.Release|Any CPU.Build.0 = Release|Any CPU
		{A686A9BE-11EF-4FF3-B293-6EAB447713E7}.Debug|Any CPU.ActiveCfg = Debug|Any CPU
		{A686A9BE-11EF-4FF3-B293-6EAB447713E7}.Debug|Any CPU.Build.0 = Debug|Any CPU
		{A686A9BE-11EF-4FF3-B293-6EAB447713E7}.Release|Any CPU.ActiveCfg = Release|Any CPU
		{A686A9BE-11EF-4FF3-B293-6EAB447713E7}.Release|Any CPU.Build.0 = Release|Any CPU
		{F8C668C5-84A0-409B-93C2-EC2AFD3F5A5C}.Debug|Any CPU.ActiveCfg = Debug|Any CPU
		{F8C668C5-84A0-409B-93C2-EC2AFD3F5A5C}.Debug|Any CPU.Build.0 = Debug|Any CPU
		{F8C668C5-84A0-409B-93C2-EC2AFD3F5A5C}.Release|Any CPU.ActiveCfg = Release|Any CPU
		{F8C668C5-84A0-409B-93C2-EC2AFD3F5A5C}.Release|Any CPU.Build.0 = Release|Any CPU
	EndGlobalSection
	GlobalSection(SolutionProperties) = preSolution
		HideSolutionNode = FALSE
	EndGlobalSection
	GlobalSection(ExtensibilityGlobals) = postSolution
		SolutionGuid = {BEF46D3C-5BE9-4EDF-8CA0-887074FF358E}
	EndGlobalSection
EndGlobal
